{
  "version": 4,
  "terraform_version": "1.6.4",
  "serial": 15,
  "lineage": "4ecd4bee-5a3d-992b-f1e5-a7c1faba7e6b",
  "outputs": {
    "PrivateIP": {
      "value": "172.31.18.185",
      "type": "string"
    },
    "PublicIP": {
      "value": "54.163.17.185",
      "type": "string"
    }
  },
  "resources": [
    {
      "mode": "managed",
      "type": "aws_instance",
      "name": "dove-int",
      "provider": "provider[\"registry.terraform.io/hashicorp/aws\"]",
      "instances": [
        {
          "schema_version": 1,
          "attributes": {
            "ami": "ami-0230bd60aa48260c6",
            "arn": "arn:aws:ec2:us-east-1:751185915489:instance/i-0b29d5ceef57e9d8a",
            "associate_public_ip_address": true,
            "availability_zone": "us-east-1a",
            "capacity_reservation_specification": [
              {
                "capacity_reservation_preference": "open",
                "capacity_reservation_target": []
              }
            ],
            "cpu_core_count": 1,
            "cpu_options": [
              {
                "amd_sev_snp": "",
                "core_count": 1,
                "threads_per_core": 1
              }
            ],
            "cpu_threads_per_core": 1,
            "credit_specification": [
              {
                "cpu_credits": "standard"
              }
            ],
            "disable_api_stop": false,
            "disable_api_termination": false,
            "ebs_block_device": [],
            "ebs_optimized": false,
            "enclave_options": [
              {
                "enabled": false
              }
            ],
            "ephemeral_block_device": [],
            "get_password_data": false,
            "hibernation": false,
            "host_id": "",
            "host_resource_group_arn": null,
            "iam_instance_profile": "",
            "id": "i-0b29d5ceef57e9d8a",
            "instance_initiated_shutdown_behavior": "stop",
            "instance_lifecycle": "",
            "instance_market_options": [],
            "instance_state": "running",
            "instance_type": "t2.micro",
            "ipv6_address_count": 0,
            "ipv6_addresses": [],
            "key_name": "dovekey",
            "launch_template": [],
            "maintenance_options": [
              {
                "auto_recovery": "default"
              }
            ],
            "metadata_options": [
              {
                "http_endpoint": "enabled",
                "http_protocol_ipv6": "disabled",
                "http_put_response_hop_limit": 2,
                "http_tokens": "required",
                "instance_metadata_tags": "disabled"
              }
            ],
            "monitoring": false,
            "network_interface": [],
            "outpost_arn": "",
            "password_data": "",
            "placement_group": "",
            "placement_partition_number": 0,
            "primary_network_interface_id": "eni-0f23e83370e16451f",
            "private_dns": "ip-172-31-18-185.ec2.internal",
            "private_dns_name_options": [
              {
                "enable_resource_name_dns_a_record": false,
                "enable_resource_name_dns_aaaa_record": false,
                "hostname_type": "ip-name"
              }
            ],
            "private_ip": "172.31.18.185",
            "public_dns": "ec2-54-163-17-185.compute-1.amazonaws.com",
            "public_ip": "54.163.17.185",
            "root_block_device": [
              {
                "delete_on_termination": true,
                "device_name": "/dev/xvda",
                "encrypted": false,
                "iops": 3000,
                "kms_key_id": "",
                "tags": {},
                "throughput": 125,
                "volume_id": "vol-01ffc8c023ec56e92",
                "volume_size": 8,
                "volume_type": "gp3"
              }
            ],
            "secondary_private_ips": [],
            "security_groups": [
              "ControlSG"
            ],
            "source_dest_check": true,
            "spot_instance_request_id": "",
            "subnet_id": "subnet-0dad5b6dc60043460",
            "tags": {
              "Name": "Dove-Instance",
              "Project": "Dove"
            },
            "tags_all": {
              "Name": "Dove-Instance",
              "Project": "Dove"
            },
            "tenancy": "default",
            "timeouts": null,
            "user_data": null,
            "user_data_base64": null,
            "user_data_replace_on_change": false,
            "volume_tags": null,
            "vpc_security_group_ids": [
              "sg-0493f59889ca510b5"
            ]
          },
          "sensitive_attributes": [],
          "private": "eyJlMmJmYjczMC1lY2FhLTExZTYtOGY4OC0zNDM2M2JjN2M0YzAiOnsiY3JlYXRlIjo2MDAwMDAwMDAwMDAsImRlbGV0ZSI6MTIwMDAwMDAwMDAwMCwidXBkYXRlIjo2MDAwMDAwMDAwMDB9LCJzY2hlbWFfdmVyc2lvbiI6IjEifQ==",
          "dependencies": [
            "aws_key_pair.dove-key"
          ]
        }
      ]
    },
    {
      "mode": "managed",
      "type": "aws_key_pair",
      "name": "dove-key",
      "provider": "provider[\"registry.terraform.io/hashicorp/aws\"]",
      "instances": [
        {
          "schema_version": 1,
          "attributes": {
            "arn": "arn:aws:ec2:us-east-1:751185915489:key-pair/dovekey",
            "fingerprint": "6e:61:5a:91:bd:b0:67:82:c4:ca:16:c7:6f:26:c5:74",
            "id": "dovekey",
            "key_name": "dovekey",
            "key_name_prefix": "",
            "key_pair_id": "key-0755c4f5e9144e701",
            "key_type": "rsa",
            "public_key": "ssh-rsa AAAAB3NzaC1yc2EAAAADAQABAAABgQCtJ5750NXfdgHI0dqU73vaB8NTjStR1Rz9hUCHfdZ8hKHpKEqTTuPQgsgaidK7xBRYQn/dTdW1hQ4c3D4LyHfOUZQqo7jLtzbZBxZRhWpVG638z+HRMPfYV2qZTKjRwwmZY0jxlXSrlH9BXpUm5EVG8QnmXn0d6/URkxzxw6tv+vyZ+y9dm1ks14fK/akes40GHJcHWlaNZYKtnneu37t1dqxYzSPdGqAoJu6SMHS/F0zTqG3HOcpc8SyGagfEvOJn1K0lpA3J8Vgf2Pyak+t0O/QpCNM4jHYTZr/+1tGPy2BuvtEmBkSWZDmvekiXcD+WE5yTqc4ng5Fnh1dGK4+sd6s9w3Z9QLqmC2tALUwmr6Rjajl9tzrKsFwbQIP3pvWK9fybqwiQZRbkOpYA0OUitX1Vnsi/Ft5TnWTqENW1UVEyDaULRrlAHOh31tDVHWBp2bVJRoFO69fpbQ0uOkze7B44BEe5W7n/6rSaJcrcKmsKUY0FwzKPUtnNfiHYzpM= 91968@DESKTOP-U6VE8SR",
            "tags": null,
            "tags_all": {}
          },
          "sensitive_attributes": [],
          "private": "eyJzY2hlbWFfdmVyc2lvbiI6IjEifQ=="
        }
      ]
    }
  ],
  "check_results": null
}
